
Microsoft Visual Studio Solution File, Format Version 12.00
# Visual Studio 2013
VisualStudioVersion = 12.0.21005.1
MinimumVisualStudioVersion = 10.0.40219.1
Project("{FAE04EC0-301F-11D3-BF4B-00C04F79EFBC}") = "KanbanImprove", "KanbanImprove\KanbanImprove.csproj", "{BF52C814-6D23-4423-8F80-82D474E6BD64}"
EndProject
Global
	GlobalSection(SolutionConfigurationPlatforms) = preSolution
		Debug|Any CPU = Debug|Any CPU
		Release|Any CPU = Release|Any CPU
	EndGlobalSection
	GlobalSection(ProjectConfigurationPlatforms) = postSolution
		{BF52C814-6D23-4423-8F80-82D474E6BD64}.Debug|Any CPU.ActiveCfg = Debug|Any CPU
		{BF52C814-6D23-4423-8F80-82D474E6BD64}.Debug|Any CPU.Build.0 = Debug|Any CPU
		{BF52C814-6D23-4423-8F80-82D474E6BD64}.Release|Any CPU.ActiveCfg = Release|Any CPU
		{BF52C814-6D23-4423-8F80-82D474E6BD64}.Release|Any CPU.Build.0 = Release|Any CPU
	EndGlobalSection
	GlobalSection(SolutionProperties) = preSolution
		HideSolutionNode = FALSE
	EndGlobalSection
EndGlobal
